// !$*UTF8*$!
{
	archiveVersion = 1;
	classes = {
	};
	objectVersion = 50;
	objects = {

/* Begin PBXBuildFile section */
		F2EC2D5E216F805B00BB1646 /* AppDelegate.swift in Sources */ = {isa = PBXBuildFile; fileRef = F2EC2D5D216F805B00BB1646 /* AppDelegate.swift */; };
		F2EC2D60216F805B00BB1646 /* ViewController.swift in Sources */ = {isa = PBXBuildFile; fileRef = F2EC2D5F216F805B00BB1646 /* ViewController.swift */; };
		F2EC2D63216F805B00BB1646 /* Main.storyboard in Resources */ = {isa = PBXBuildFile; fileRef = F2EC2D61216F805B00BB1646 /* Main.storyboard */; };
		F2EC2D65216F805D00BB1646 /* Assets.xcassets in Resources */ = {isa = PBXBuildFile; fileRef = F2EC2D64216F805D00BB1646 /* Assets.xcassets */; };
		F2EC2D72216F831D00BB1646 /* NavigationDrawer.storyboard in Resources */ = {isa = PBXBuildFile; fileRef = F2EC2D71216F831D00BB1646 /* NavigationDrawer.storyboard */; };
		F2EC2D76216F884300BB1646 /* MainView.storyboard in Resources */ = {isa = PBXBuildFile; fileRef = F2EC2D75216F884300BB1646 /* MainView.storyboard */; };
		F2EC2D7C216F8D3300BB1646 /* FirstTab.storyboard in Resources */ = {isa = PBXBuildFile; fileRef = F2EC2D7B216F8D3300BB1646 /* FirstTab.storyboard */; };
		F2EC2D7E216F8DCF00BB1646 /* SecondTab.storyboard in Resources */ = {isa = PBXBuildFile; fileRef = F2EC2D7D216F8DCF00BB1646 /* SecondTab.storyboard */; };
		F2EC2D80216F907B00BB1646 /* FirstContentViewController.swift in Sources */ = {isa = PBXBuildFile; fileRef = F2EC2D7F216F907B00BB1646 /* FirstContentViewController.swift */; };
		F2EC2D82216F990900BB1646 /* MainTabBarController.swift in Sources */ = {isa = PBXBuildFile; fileRef = F2EC2D81216F990900BB1646 /* MainTabBarController.swift */; };
/* End PBXBuildFile section */

/* Begin PBXFileReference section */
		F2EC2D5A216F805B00BB1646 /* NavigationDrawerSample.app */ = {isa = PBXFileReference; explicitFileType = wrapper.application; includeInIndex = 0; path = NavigationDrawerSample.app; sourceTree = BUILT_PRODUCTS_DIR; };
		F2EC2D5D216F805B00BB1646 /* AppDelegate.swift */ = {isa = PBXFileReference; lastKnownFileType = sourcecode.swift; path = AppDelegate.swift; sourceTree = "<group>"; };
		F2EC2D5F216F805B00BB1646 /* ViewController.swift */ = {isa = PBXFileReference; lastKnownFileType = sourcecode.swift; path = ViewController.swift; sourceTree = "<group>"; };
		F2EC2D62216F805B00BB1646 /* Base */ = {isa = PBXFileReference; lastKnownFileType = file.storyboard; name = Base; path = Base.lproj/Main.storyboard; sourceTree = "<group>"; };
		F2EC2D64216F805D00BB1646 /* Assets.xcassets */ = {isa = PBXFileReference; lastKnownFileType = folder.assetcatalog; path = Assets.xcassets; sourceTree = "<group>"; };
		F2EC2D69216F805D00BB1646 /* Info.plist */ = {isa = PBXFileReference; lastKnownFileType = text.plist.xml; path = Info.plist; sourceTree = "<group>"; };
		F2EC2D71216F831D00BB1646 /* NavigationDrawer.storyboard */ = {isa = PBXFileReference; lastKnownFileType = file.storyboard; path = NavigationDrawer.storyboard; sourceTree = "<group>"; };
		F2EC2D75216F884300BB1646 /* MainView.storyboard */ = {isa = PBXFileReference; lastKnownFileType = file.storyboard; path = MainView.storyboard; sourceTree = "<group>"; };
		F2EC2D7B216F8D3300BB1646 /* FirstTab.storyboard */ = {isa = PBXFileReference; fileEncoding = 4; lastKnownFileType = file.storyboard; path = FirstTab.storyboard; sourceTree = "<group>"; };
		F2EC2D7D216F8DCF00BB1646 /* SecondTab.storyboard */ = {isa = PBXFileReference; fileEncoding = 4; lastKnownFileType = file.storyboard; path = SecondTab.storyboard; sourceTree = "<group>"; };
		F2EC2D7F216F907B00BB1646 /* FirstContentViewController.swift */ = {isa = PBXFileReference; lastKnownFileType = sourcecode.swift; path = FirstContentViewController.swift; sourceTree = "<group>"; };
		F2EC2D81216F990900BB1646 /* MainTabBarController.swift */ = {isa = PBXFileReference; lastKnownFileType = sourcecode.swift; path = MainTabBarController.swift; sourceTree = "<group>"; };
/* End PBXFileReference section */

/* Begin PBXFrameworksBuildPhase section */
		F2EC2D57216F805B00BB1646 /* Frameworks */ = {
			isa = PBXFrameworksBuildPhase;
			buildActionMask = 2147483647;
			files = (
			);
			runOnlyForDeploymentPostprocessing = 0;
		};
/* End PBXFrameworksBuildPhase section */

/* Begin PBXGroup section */
		F2EC2D51216F805B00BB1646 = {
			isa = PBXGroup;
			children = (
				F2EC2D5C216F805B00BB1646 /* NavigationDrawerSample */,
				F2EC2D5B216F805B00BB1646 /* Products */,
			);
			sourceTree = "<group>";
		};
		F2EC2D5B216F805B00BB1646 /* Products */ = {
			isa = PBXGroup;
			children = (
				F2EC2D5A216F805B00BB1646 /* NavigationDrawerSample.app */,
			);
			name = Products;
			sourceTree = "<group>";
		};
		F2EC2D5C216F805B00BB1646 /* NavigationDrawerSample */ = {
			isa = PBXGroup;
			children = (
				F2EC2D5D216F805B00BB1646 /* AppDelegate.swift */,
				F2EC2D64216F805D00BB1646 /* Assets.xcassets */,
				F2EC2D69216F805D00BB1646 /* Info.plist */,
				F2EC2D70216F830500BB1646 /* Storyboards */,
				F2EC2D6F216F82F700BB1646 /* ViewControllers */,
			);
			path = NavigationDrawerSample;
			sourceTree = "<group>";
		};
		F2EC2D6F216F82F700BB1646 /* ViewControllers */ = {
			isa = PBXGroup;
			children = (
				F2EC2D7F216F907B00BB1646 /* FirstContentViewController.swift */,
				F2EC2D81216F990900BB1646 /* MainTabBarController.swift */,
				F2EC2D5F216F805B00BB1646 /* ViewController.swift */,
			);
			path = ViewControllers;
			sourceTree = "<group>";
		};
		F2EC2D70216F830500BB1646 /* Storyboards */ = {
			isa = PBXGroup;
			children = (
				F2EC2D7B216F8D3300BB1646 /* FirstTab.storyboard */,
				F2EC2D61216F805B00BB1646 /* Main.storyboard */,
				F2EC2D75216F884300BB1646 /* MainView.storyboard */,
				F2EC2D71216F831D00BB1646 /* NavigationDrawer.storyboard */,
				F2EC2D7D216F8DCF00BB1646 /* SecondTab.storyboard */,
			);
			path = Storyboards;
			sourceTree = "<group>";
		};
/* End PBXGroup section */

/* Begin PBXNativeTarget section */
		F2EC2D59216F805B00BB1646 /* NavigationDrawerSample */ = {
			isa = PBXNativeTarget;
			buildConfigurationList = F2EC2D6C216F805D00BB1646 /* Build configuration list for PBXNativeTarget "NavigationDrawerSample" */;
			buildPhases = (
				F2EC2D56216F805B00BB1646 /* Sources */,
				F2EC2D57216F805B00BB1646 /* Frameworks */,
				F2EC2D58216F805B00BB1646 /* Resources */,
			);
			buildRules = (
			);
			dependencies = (
			);
			name = NavigationDrawerSample;
			productName = NavigationDrawerSample;
			productReference = F2EC2D5A216F805B00BB1646 /* NavigationDrawerSample.app */;
			productType = "com.apple.product-type.application";
		};
/* End PBXNativeTarget section */

/* Begin PBXProject section */
		F2EC2D52216F805B00BB1646 /* Project object */ = {
			isa = PBXProject;
			attributes = {
				LastSwiftUpdateCheck = 1000;
				LastUpgradeCheck = 1000;
				ORGANIZATIONNAME = "青野雄介";
				TargetAttributes = {
					F2EC2D59216F805B00BB1646 = {
						CreatedOnToolsVersion = 10.0;
					};
				};
			};
			buildConfigurationList = F2EC2D55216F805B00BB1646 /* Build configuration list for PBXProject "NavigationDrawerSample" */;
			compatibilityVersion = "Xcode 9.3";
			developmentRegion = en;
			hasScannedForEncodings = 0;
			knownRegions = (
				en,
				Base,
			);
			mainGroup = F2EC2D51216F805B00BB1646;
			productRefGroup = F2EC2D5B216F805B00BB1646 /* Products */;
			projectDirPath = "";
			projectRoot = "";
			targets = (
				F2EC2D59216F805B00BB1646 /* NavigationDrawerSample */,
			);
		};
/* End PBXProject section */

/* Begin PBXResourcesBuildPhase section */
		F2EC2D58216F805B00BB1646 /* Resources */ = {
			isa = PBXResourcesBuildPhase;
			buildActionMask = 2147483647;
			files = (
				F2EC2D72216F831D00BB1646 /* NavigationDrawer.storyboard in Resources */,
				F2EC2D7C216F8D3300BB1646 /* FirstTab.storyboard in Resources */,
				F2EC2D65216F805D00BB1646 /* Assets.xcassets in Resources */,
				F2EC2D76216F884300BB1646 /* MainView.storyboard in Resources */,
				F2EC2D7E216F8DCF00BB1646 /* SecondTab.storyboard in Resources */,
				F2EC2D63216F805B00BB1646 /* Main.storyboard in Resources */,
			);
			runOnlyForDeploymentPostprocessing = 0;
		};
/* End PBXResourcesBuildPhase section */

/* Begin PBXSourcesBuildPhase section */
		F2EC2D56216F805B00BB1646 /* Sources */ = {
			isa = PBXSourcesBuildPhase;
			buildActionMask = 2147483647;
			files = (
				F2EC2D60216F805B00BB1646 /* ViewController.swift in Sources */,
				F2EC2D5E216F805B00BB1646 /* AppDelegate.swift in Sources */,
				F2EC2D82216F990900BB1646 /* MainTabBarController.swift in Sources */,
				F2EC2D80216F907B00BB1646 /* FirstContentViewController.swift in Sources */,
			);
			runOnlyForDeploymentPostprocessing = 0;
		};
/* End PBXSourcesBuildPhase section */

/* Begin PBXVariantGroup section */
		F2EC2D61216F805B00BB1646 /* Main.storyboard */ = {
			isa = PBXVariantGroup;
			children = (
				F2EC2D62216F805B00BB1646 /* Base */,
			);
			name = Main.storyboard;
			sourceTree = "<group>";
		};
/* End PBXVariantGroup section */

/* Begin XCBuildConfiguration section */
		F2EC2D6A216F805D00BB1646 /* Debug */ = {
			isa = XCBuildConfiguration;
			buildSettings = {
				ALWAYS_SEARCH_USER_PATHS = NO;
				CLANG_ANALYZER_NONNULL = YES;
				CLANG_ANALYZER_NUMBER_OBJECT_CONVERSION = YES_AGGRESSIVE;
				CLANG_CXX_LANGUAGE_STANDARD = "gnu++14";
				CLANG_CXX_LIBRARY = "libc++";
				CLANG_ENABLE_MODULES = YES;
				CLANG_ENABLE_OBJC_ARC = YES;
				CLANG_ENABLE_OBJC_WEAK = YES;
				CLANG_WARN_BLOCK_CAPTURE_AUTORELEASING = YES;
				CLANG_WARN_BOOL_CONVERSION = YES;
				CLANG_WARN_COMMA = YES;
				CLANG_WARN_CONSTANT_CONVERSION = YES;
				CLANG_WARN_DEPRECATED_OBJC_IMPLEMENTATIONS = YES;
				CLANG_WARN_DIRECT_OBJC_ISA_USAGE = YES_ERROR;
				CLANG_WARN_DOCUMENTATION_COMMENTS = YES;
				CLANG_WARN_EMPTY_BODY = YES;
				CLANG_WARN_ENUM_CONVERSION = YES;
				CLANG_WARN_INFINITE_RECURSION = YES;
				CLANG_WARN_INT_CONVERSION = YES;
				CLANG_WARN_NON_LITERAL_NULL_CONVERSION = YES;
				CLANG_WARN_OBJC_IMPLICIT_RETAIN_SELF = YES;
				CLANG_WARN_OBJC_LITERAL_CONVERSION = YES;
				CLANG_WARN_OBJC_ROOT_CLASS = YES_ERROR;
				CLANG_WARN_RANGE_LOOP_ANALYSIS = YES;
				CLANG_WARN_STRICT_PROTOTYPES = YES;
				CLANG_WARN_SUSPICIOUS_MOVE = YES;
				CLANG_WARN_UNGUARDED_AVAILABILITY = YES_AGGRESSIVE;
				CLANG_WARN_UNREACHABLE_CODE = YES;
				CLANG_WARN__DUPLICATE_METHOD_MATCH = YES;
				CODE_SIGN_IDENTITY = "iPhone Developer";
				COPY_PHASE_STRIP = NO;
				DEBUG_INFORMATION_FORMAT = dwarf;
				ENABLE_STRICT_OBJC_MSGSEND = YES;
				ENABLE_TESTABILITY = YES;
				GCC_C_LANGUAGE_STANDARD = gnu11;
				GCC_DYNAMIC_NO_PIC = NO;
				GCC_NO_COMMON_BLOCKS = YES;
				GCC_OPTIMIZATION_LEVEL = 0;
				GCC_PREPROCESSOR_DEFINITIONS = (
					"DEBUG=1",
					"$(inherited)",
				);
				GCC_WARN_64_TO_32_BIT_CONVERSION = YES;
				GCC_WARN_ABOUT_RETURN_TYPE = YES_ERROR;
				GCC_WARN_UNDECLARED_SELECTOR = YES;
				GCC_WARN_UNINITIALIZED_AUTOS = YES_AGGRESSIVE;
				GCC_WARN_UNUSED_FUNCTION = YES;
				GCC_WARN_UNUSED_VARIABLE = YES;
				IPHONEOS_DEPLOYMENT_TARGET = 12.0;
				MTL_ENABLE_DEBUG_INFO = INCLUDE_SOURCE;
				MTL_FAST_MATH = YES;
				ONLY_ACTIVE_ARCH = YES;
				SDKROOT = iphoneos;
				SWIFT_ACTIVE_COMPILATION_CONDITIONS = DEBUG;
				SWIFT_OPTIMIZATION_LEVEL = "-Onone";
			};
			name = Debug;
		};
		F2EC2D6B216F805D00BB1646 /* Release */ = {
			isa = XCBuildConfiguration;
			buildSettings = {
				ALWAYS_SEARCH_USER_PATHS = NO;
				CLANG_ANALYZER_NONNULL = YES;
				CLANG_ANALYZER_NUMBER_OBJECT_CONVERSION = YES_AGGRESSIVE;
				CLANG_CXX_LANGUAGE_STANDARD = "gnu++14";
				CLANG_CXX_LIBRARY = "libc++";
				CLANG_ENABLE_MODULES = YES;
				CLANG_ENABLE_OBJC_ARC = YES;
				CLANG_ENABLE_OBJC_WEAK = YES;
				CLANG_WARN_BLOCK_CAPTURE_AUTORELEASING = YES;
				CLANG_WARN_BOOL_CONVERSION = YES;
				CLANG_WARN_COMMA = YES;
				CLANG_WARN_CONSTANT_CONVERSION = YES;
				CLANG_WARN_DEPRECATED_OBJC_IMPLEMENTATIONS = YES;
				CLANG_WARN_DIRECT_OBJC_ISA_USAGE = YES_ERROR;
				CLANG_WARN_DOCUMENTATION_COMMENTS = YES;
				CLANG_WARN_EMPTY_BODY = YES;
				CLANG_WARN_ENUM_CONVERSION = YES;
				CLANG_WARN_INFINITE_RECURSION = YES;
				CLANG_WARN_INT_CONVERSION = YES;
				CLANG_WARN_NON_LITERAL_NULL_CONVERSION = YES;
				CLANG_WARN_OBJC_IMPLICIT_RETAIN_SELF = YES;
				CLANG_WARN_OBJC_LITERAL_CONVERSION = YES;
				CLANG_WARN_OBJC_ROOT_CLASS = YES_ERROR;
				CLANG_WARN_RANGE_LOOP_ANALYSIS = YES;
				CLANG_WARN_STRICT_PROTOTYPES = YES;
				CLANG_WARN_SUSPICIOUS_MOVE = YES;
				CLANG_WARN_UNGUARDED_AVAILABILITY = YES_AGGRESSIVE;
				CLANG_WARN_UNREACHABLE_CODE = YES;
				CLANG_WARN__DUPLICATE_METHOD_MATCH = YES;
				CODE_SIGN_IDENTITY = "iPhone Developer";
				COPY_PHASE_STRIP = NO;
				DEBUG_INFORMATION_FORMAT = "dwarf-with-dsym";
				ENABLE_NS_ASSERTIONS = NO;
				ENABLE_STRICT_OBJC_MSGSEND = YES;
				GCC_C_LANGUAGE_STANDARD = gnu11;
				GCC_NO_COMMON_BLOCKS = YES;
				GCC_WARN_64_TO_32_BIT_CONVERSION = YES;
				GCC_WARN_ABOUT_RETURN_TYPE = YES_ERROR;
				GCC_WARN_UNDECLARED_SELECTOR = YES;
				GCC_WARN_UNINITIALIZED_AUTOS = YES_AGGRESSIVE;
				GCC_WARN_UNUSED_FUNCTION = YES;
				GCC_WARN_UNUSED_VARIABLE = YES;
				IPHONEOS_DEPLOYMENT_TARGET = 12.0;
				MTL_ENABLE_DEBUG_INFO = NO;
				MTL_FAST_MATH = YES;
				SDKROOT = iphoneos;
				SWIFT_COMPILATION_MODE = wholemodule;
				SWIFT_OPTIMIZATION_LEVEL = "-O";
				VALIDATE_PRODUCT = YES;
			};
			name = Release;
		};
		F2EC2D6D216F805D00BB1646 /* Debug */ = {
			isa = XCBuildConfiguration;
			buildSettings = {
				ASSETCATALOG_COMPILER_APPICON_NAME = AppIcon;
				CODE_SIGN_STYLE = Automatic;
				DEVELOPMENT_TEAM = 8C9TZF26K4;
				INFOPLIST_FILE = NavigationDrawerSample/Info.plist;
				LD_RUNPATH_SEARCH_PATHS = (
					"$(inherited)",
					"@executable_path/Frameworks",
				);
				PRODUCT_BUNDLE_IDENTIFIER = io.github.ysk1031.NavigationDrawerSample;
				PRODUCT_NAME = "$(TARGET_NAME)";
				SWIFT_VERSION = 4.2;
				TARGETED_DEVICE_FAMILY = "1,2";
			};
			name = Debug;
		};
		F2EC2D6E216F805D00BB1646 /* Release */ = {
			isa = XCBuildConfiguration;
			buildSettings = {
				ASSETCATALOG_COMPILER_APPICON_NAME = AppIcon;
				CODE_SIGN_STYLE = Automatic;
				DEVELOPMENT_TEAM = 8C9TZF26K4;
				INFOPLIST_FILE = NavigationDrawerSample/Info.plist;
				LD_RUNPATH_SEARCH_PATHS = (
					"$(inherited)",
					"@executable_path/Frameworks",
				);
				PRODUCT_BUNDLE_IDENTIFIER = io.github.ysk1031.NavigationDrawerSample;
				PRODUCT_NAME = "$(TARGET_NAME)";
				SWIFT_VERSION = 4.2;
				TARGETED_DEVICE_FAMILY = "1,2";
			};
			name = Release;
		};
/* End XCBuildConfiguration section */

/* Begin XCConfigurationList section */
		F2EC2D55216F805B00BB1646 /* Build configuration list for PBXProject "NavigationDrawerSample" */ = {
			isa = XCConfigurationList;
			buildConfigurations = (
				F2EC2D6A216F805D00BB1646 /* Debug */,
				F2EC2D6B216F805D00BB1646 /* Release */,
			);
			defaultConfigurationIsVisible = 0;
			defaultConfigurationName = Release;
		};
		F2EC2D6C216F805D00BB1646 /* Build configuration list for PBXNativeTarget "NavigationDrawerSample" */ = {
			isa = XCConfigurationList;
			buildConfigurations = (
				F2EC2D6D216F805D00BB1646 /* Debug */,
				F2EC2D6E216F805D00BB1646 /* Release */,
			);
			defaultConfigurationIsVisible = 0;
			defaultConfigurationName = Release;
		};
/* End XCConfigurationList section */
	};
	rootObject = F2EC2D52216F805B00BB1646 /* Project object */;
}
